
Microsoft Visual Studio Solution File, Format Version 12.00
Project("{FAE04EC0-301F-11D3-BF4B-00C04F79EFBC}") = "IssueManager", "IssueManager\IssueManager.csproj", "{45F561AF-3A99-44A2-9821-C4EC23F335B9}"
EndProject
Project("{FAE04EC0-301F-11D3-BF4B-00C04F79EFBC}") = "IssueManager.Backend", "IssueManager.Backend\IssueManager.Backend.csproj", "{69C73542-6F6C-46D9-BCC6-CC745280500F}"
EndProject
Global
	GlobalSection(SolutionConfigurationPlatforms) = preSolution
		Debug|Any CPU = Debug|Any CPU
		Release|Any CPU = Release|Any CPU
	EndGlobalSection
	GlobalSection(ProjectConfigurationPlatforms) = postSolution
		{45F561AF-3A99-44A2-9821-C4EC23F335B9}.Debug|Any CPU.ActiveCfg = Debug|Any CPU
		{45F561AF-3A99-44A2-9821-C4EC23F335B9}.Debug|Any CPU.Build.0 = Debug|Any CPU
		{45F561AF-3A99-44A2-9821-C4EC23F335B9}.Release|Any CPU.ActiveCfg = Release|Any CPU
		{45F561AF-3A99-44A2-9821-C4EC23F335B9}.Release|Any CPU.Build.0 = Release|Any CPU
		{69C73542-6F6C-46D9-BCC6-CC745280500F}.Debug|Any CPU.ActiveCfg = Debug|Any CPU
		{69C73542-6F6C-46D9-BCC6-CC745280500F}.Debug|Any CPU.Build.0 = Debug|Any CPU
		{69C73542-6F6C-46D9-BCC6-CC745280500F}.Release|Any CPU.ActiveCfg = Release|Any CPU
		{69C73542-6F6C-46D9-BCC6-CC745280500F}.Release|Any CPU.Build.0 = Release|Any CPU
	EndGlobalSection
EndGlobal
